// !$*UTF8*$!
{
	archiveVersion = 1;
	classes = {
	};
	objectVersion = 46;
	objects = {

/* Begin PBXBuildFile section */
		102FA8C91B4055D000F5C185 /* ScoreViewController.m in Sources */ = {isa = PBXBuildFile; fileRef = 102FA8C81B4055D000F5C185 /* ScoreViewController.m */; };
		102FA8CC1B4074D800F5C185 /* BuildWordTableViewController.m in Sources */ = {isa = PBXBuildFile; fileRef = 102FA8CB1B4074D800F5C185 /* BuildWordTableViewController.m */; };
		107A2D741B25C57C00CB567D /* main.m in Sources */ = {isa = PBXBuildFile; fileRef = 107A2D731B25C57C00CB567D /* main.m */; };
		107A2D771B25C57C00CB567D /* AppDelegate.m in Sources */ = {isa = PBXBuildFile; fileRef = 107A2D761B25C57C00CB567D /* AppDelegate.m */; };
		107A2D7D1B25C57C00CB567D /* Main.storyboard in Resources */ = {isa = PBXBuildFile; fileRef = 107A2D7B1B25C57C00CB567D /* Main.storyboard */; };
		107A2D7F1B25C57C00CB567D /* Images.xcassets in Resources */ = {isa = PBXBuildFile; fileRef = 107A2D7E1B25C57C00CB567D /* Images.xcassets */; };
		107A2D821B25C57C00CB567D /* LaunchScreen.xib in Resources */ = {isa = PBXBuildFile; fileRef = 107A2D801B25C57C00CB567D /* LaunchScreen.xib */; };
		107A2D8E1B25C57C00CB567D /* ___Tests.m in Sources */ = {isa = PBXBuildFile; fileRef = 107A2D8D1B25C57C00CB567D /* ___Tests.m */; };
		107F3CC81B3E95AA00AFBA1C /* WordTestViewController.m in Sources */ = {isa = PBXBuildFile; fileRef = 107F3CC71B3E95AA00AFBA1C /* WordTestViewController.m */; };
		107F3CD01B3E9D9D00AFBA1C /* chineseAnser@3x.png in Resources */ = {isa = PBXBuildFile; fileRef = 107F3CCA1B3E9D9D00AFBA1C /* chineseAnser@3x.png */; };
		107F3CD11B3E9D9D00AFBA1C /* wordTestCard@3x.png in Resources */ = {isa = PBXBuildFile; fileRef = 107F3CCB1B3E9D9D00AFBA1C /* wordTestCard@3x.png */; };
		107F3CD21B3E9D9D00AFBA1C /* chineseAnser@2x.png in Resources */ = {isa = PBXBuildFile; fileRef = 107F3CCC1B3E9D9D00AFBA1C /* chineseAnser@2x.png */; };
		107F3CD31B3E9D9D00AFBA1C /* wordTestCard@1x.png in Resources */ = {isa = PBXBuildFile; fileRef = 107F3CCD1B3E9D9D00AFBA1C /* wordTestCard@1x.png */; };
		107F3CD41B3E9D9D00AFBA1C /* wordTestCard@2x.png in Resources */ = {isa = PBXBuildFile; fileRef = 107F3CCE1B3E9D9D00AFBA1C /* wordTestCard@2x.png */; };
		107F3CD51B3E9D9D00AFBA1C /* chineseAnser@1x.png in Resources */ = {isa = PBXBuildFile; fileRef = 107F3CCF1B3E9D9D00AFBA1C /* chineseAnser@1x.png */; };
		107F3CDC1B3EE16700AFBA1C /* wrong@1x.png in Resources */ = {isa = PBXBuildFile; fileRef = 107F3CD61B3EE16700AFBA1C /* wrong@1x.png */; };
		107F3CDD1B3EE16700AFBA1C /* wrong@2x.png in Resources */ = {isa = PBXBuildFile; fileRef = 107F3CD71B3EE16700AFBA1C /* wrong@2x.png */; };
		107F3CDE1B3EE16700AFBA1C /* wrong@3x.png in Resources */ = {isa = PBXBuildFile; fileRef = 107F3CD81B3EE16700AFBA1C /* wrong@3x.png */; };
		107F3CDF1B3EE16700AFBA1C /* corrent@2x.png in Resources */ = {isa = PBXBuildFile; fileRef = 107F3CD91B3EE16700AFBA1C /* corrent@2x.png */; };
		107F3CE01B3EE16700AFBA1C /* corrent@1x.png in Resources */ = {isa = PBXBuildFile; fileRef = 107F3CDA1B3EE16700AFBA1C /* corrent@1x.png */; };
		107F3CE11B3EE16700AFBA1C /* corrent@3x.png in Resources */ = {isa = PBXBuildFile; fileRef = 107F3CDB1B3EE16700AFBA1C /* corrent@3x.png */; };
		107F3CE41B3F042500AFBA1C /* WordCard.m in Sources */ = {isa = PBXBuildFile; fileRef = 107F3CE31B3F042500AFBA1C /* WordCard.m */; };
		107F3CEB1B3FDFAD00AFBA1C /* WordCardDeck.m in Sources */ = {isa = PBXBuildFile; fileRef = 107F3CEA1B3FDFAD00AFBA1C /* WordCardDeck.m */; };
		109BDCB51B41ABD900F293CF /* Property List.plist in Resources */ = {isa = PBXBuildFile; fileRef = 109BDCB41B41ABD900F293CF /* Property List.plist */; };
		109BDCF41B43015A00F293CF /* WordDataDataBase.m in Sources */ = {isa = PBXBuildFile; fileRef = 109BDCF31B43015A00F293CF /* WordDataDataBase.m */; };
		10C9DBAB1B3C51BB00ACE538 /* QuartzCore.framework in Frameworks */ = {isa = PBXBuildFile; fileRef = 10C9DBA81B3C50D000ACE538 /* QuartzCore.framework */; };
		10E5CD421B3B208A008EB48C /* Background@3x.png in Resources */ = {isa = PBXBuildFile; fileRef = 10E5CD3F1B3B208A008EB48C /* Background@3x.png */; };
		10E5CD431B3B208A008EB48C /* Background@1x.png in Resources */ = {isa = PBXBuildFile; fileRef = 10E5CD401B3B208A008EB48C /* Background@1x.png */; };
		10E5CD441B3B208A008EB48C /* Background@2x.png in Resources */ = {isa = PBXBuildFile; fileRef = 10E5CD411B3B208A008EB48C /* Background@2x.png */; };
		10E5CD491B3B2314008EB48C /* Card@3x.png in Resources */ = {isa = PBXBuildFile; fileRef = 10E5CD461B3B2314008EB48C /* Card@3x.png */; };
		10E5CD4A1B3B2314008EB48C /* Card@2x.png in Resources */ = {isa = PBXBuildFile; fileRef = 10E5CD471B3B2314008EB48C /* Card@2x.png */; };
		10E5CD4B1B3B2314008EB48C /* Card@1x.png in Resources */ = {isa = PBXBuildFile; fileRef = 10E5CD481B3B2314008EB48C /* Card@1x.png */; };
		10E5CD4E1B3B2587008EB48C /* TodayEnglishViewController.m in Sources */ = {isa = PBXBuildFile; fileRef = 10E5CD4D1B3B2587008EB48C /* TodayEnglishViewController.m */; };
/* End PBXBuildFile section */

/* Begin PBXContainerItemProxy section */
		107A2D881B25C57C00CB567D /* PBXContainerItemProxy */ = {
			isa = PBXContainerItemProxy;
			containerPortal = 107A2D661B25C57C00CB567D /* Project object */;
			proxyType = 1;
			remoteGlobalIDString = 107A2D6D1B25C57C00CB567D;
			remoteInfo = "單字卡";
		};
/* End PBXContainerItemProxy section */

/* Begin PBXFileReference section */
		102FA8C71B4055D000F5C185 /* ScoreViewController.h */ = {isa = PBXFileReference; fileEncoding = 4; lastKnownFileType = sourcecode.c.h; path = ScoreViewController.h; sourceTree = "<group>"; };
		102FA8C81B4055D000F5C185 /* ScoreViewController.m */ = {isa = PBXFileReference; fileEncoding = 4; lastKnownFileType = sourcecode.c.objc; path = ScoreViewController.m; sourceTree = "<group>"; };
		102FA8CA1B4074D800F5C185 /* BuildWordTableViewController.h */ = {isa = PBXFileReference; fileEncoding = 4; lastKnownFileType = sourcecode.c.h; path = BuildWordTableViewController.h; sourceTree = "<group>"; };
		102FA8CB1B4074D800F5C185 /* BuildWordTableViewController.m */ = {isa = PBXFileReference; fileEncoding = 4; lastKnownFileType = sourcecode.c.objc; path = BuildWordTableViewController.m; sourceTree = "<group>"; };
		107A2D6E1B25C57C00CB567D /* 單字卡.app */ = {isa = PBXFileReference; explicitFileType = wrapper.application; includeInIndex = 0; path = "單字卡.app"; sourceTree = BUILT_PRODUCTS_DIR; };
		107A2D721B25C57C00CB567D /* Info.plist */ = {isa = PBXFileReference; lastKnownFileType = text.plist.xml; path = Info.plist; sourceTree = "<group>"; };
		107A2D731B25C57C00CB567D /* main.m */ = {isa = PBXFileReference; lastKnownFileType = sourcecode.c.objc; path = main.m; sourceTree = "<group>"; };
		107A2D751B25C57C00CB567D /* AppDelegate.h */ = {isa = PBXFileReference; lastKnownFileType = sourcecode.c.h; path = AppDelegate.h; sourceTree = "<group>"; };
		107A2D761B25C57C00CB567D /* AppDelegate.m */ = {isa = PBXFileReference; lastKnownFileType = sourcecode.c.objc; path = AppDelegate.m; sourceTree = "<group>"; };
		107A2D7C1B25C57C00CB567D /* Base */ = {isa = PBXFileReference; lastKnownFileType = file.storyboard; name = Base; path = Base.lproj/Main.storyboard; sourceTree = "<group>"; };
		107A2D7E1B25C57C00CB567D /* Images.xcassets */ = {isa = PBXFileReference; lastKnownFileType = folder.assetcatalog; path = Images.xcassets; sourceTree = "<group>"; };
		107A2D811B25C57C00CB567D /* Base */ = {isa = PBXFileReference; lastKnownFileType = file.xib; name = Base; path = Base.lproj/LaunchScreen.xib; sourceTree = "<group>"; };
		107A2D871B25C57C00CB567D /* 單字卡Tests.xctest */ = {isa = PBXFileReference; explicitFileType = wrapper.cfbundle; includeInIndex = 0; path = "單字卡Tests.xctest"; sourceTree = BUILT_PRODUCTS_DIR; };
		107A2D8C1B25C57C00CB567D /* Info.plist */ = {isa = PBXFileReference; lastKnownFileType = text.plist.xml; path = Info.plist; sourceTree = "<group>"; };
		107A2D8D1B25C57C00CB567D /* ___Tests.m */ = {isa = PBXFileReference; lastKnownFileType = sourcecode.c.objc; path = "___Tests.m"; sourceTree = "<group>"; };
		107F3CC61B3E95AA00AFBA1C /* WordTestViewController.h */ = {isa = PBXFileReference; fileEncoding = 4; lastKnownFileType = sourcecode.c.h; path = WordTestViewController.h; sourceTree = "<group>"; };
		107F3CC71B3E95AA00AFBA1C /* WordTestViewController.m */ = {isa = PBXFileReference; fileEncoding = 4; lastKnownFileType = sourcecode.c.objc; path = WordTestViewController.m; sourceTree = "<group>"; };
		107F3CCA1B3E9D9D00AFBA1C /* chineseAnser@3x.png */ = {isa = PBXFileReference; lastKnownFileType = image.png; path = "chineseAnser@3x.png"; sourceTree = "<group>"; };
		107F3CCB1B3E9D9D00AFBA1C /* wordTestCard@3x.png */ = {isa = PBXFileReference; lastKnownFileType = image.png; path = "wordTestCard@3x.png"; sourceTree = "<group>"; };
		107F3CCC1B3E9D9D00AFBA1C /* chineseAnser@2x.png */ = {isa = PBXFileReference; lastKnownFileType = image.png; path = "chineseAnser@2x.png"; sourceTree = "<group>"; };
		107F3CCD1B3E9D9D00AFBA1C /* wordTestCard@1x.png */ = {isa = PBXFileReference; lastKnownFileType = image.png; path = "wordTestCard@1x.png"; sourceTree = "<group>"; };
		107F3CCE1B3E9D9D00AFBA1C /* wordTestCard@2x.png */ = {isa = PBXFileReference; lastKnownFileType = image.png; path = "wordTestCard@2x.png"; sourceTree = "<group>"; };
		107F3CCF1B3E9D9D00AFBA1C /* chineseAnser@1x.png */ = {isa = PBXFileReference; lastKnownFileType = image.png; path = "chineseAnser@1x.png"; sourceTree = "<group>"; };
		107F3CD61B3EE16700AFBA1C /* wrong@1x.png */ = {isa = PBXFileReference; lastKnownFileType = image.png; path = "wrong@1x.png"; sourceTree = "<group>"; };
		107F3CD71B3EE16700AFBA1C /* wrong@2x.png */ = {isa = PBXFileReference; lastKnownFileType = image.png; path = "wrong@2x.png"; sourceTree = "<group>"; };
		107F3CD81B3EE16700AFBA1C /* wrong@3x.png */ = {isa = PBXFileReference; lastKnownFileType = image.png; path = "wrong@3x.png"; sourceTree = "<group>"; };
		107F3CD91B3EE16700AFBA1C /* corrent@2x.png */ = {isa = PBXFileReference; lastKnownFileType = image.png; path = "corrent@2x.png"; sourceTree = "<group>"; };
		107F3CDA1B3EE16700AFBA1C /* corrent@1x.png */ = {isa = PBXFileReference; lastKnownFileType = image.png; path = "corrent@1x.png"; sourceTree = "<group>"; };
		107F3CDB1B3EE16700AFBA1C /* corrent@3x.png */ = {isa = PBXFileReference; lastKnownFileType = image.png; path = "corrent@3x.png"; sourceTree = "<group>"; };
		107F3CE21B3F042500AFBA1C /* WordCard.h */ = {isa = PBXFileReference; fileEncoding = 4; lastKnownFileType = sourcecode.c.h; path = WordCard.h; sourceTree = "<group>"; };
		107F3CE31B3F042500AFBA1C /* WordCard.m */ = {isa = PBXFileReference; fileEncoding = 4; lastKnownFileType = sourcecode.c.objc; path = WordCard.m; sourceTree = "<group>"; };
		107F3CE91B3FDFAD00AFBA1C /* WordCardDeck.h */ = {isa = PBXFileReference; fileEncoding = 4; lastKnownFileType = sourcecode.c.h; path = WordCardDeck.h; sourceTree = "<group>"; };
		107F3CEA1B3FDFAD00AFBA1C /* WordCardDeck.m */ = {isa = PBXFileReference; fileEncoding = 4; lastKnownFileType = sourcecode.c.objc; path = WordCardDeck.m; sourceTree = "<group>"; };
		109BDCB41B41ABD900F293CF /* Property List.plist */ = {isa = PBXFileReference; fileEncoding = 4; lastKnownFileType = text.plist.xml; path = "Property List.plist"; sourceTree = "<group>"; };
		109BDCF21B43015A00F293CF /* WordDataDataBase.h */ = {isa = PBXFileReference; fileEncoding = 4; lastKnownFileType = sourcecode.c.h; path = WordDataDataBase.h; sourceTree = "<group>"; };
		109BDCF31B43015A00F293CF /* WordDataDataBase.m */ = {isa = PBXFileReference; fileEncoding = 4; lastKnownFileType = sourcecode.c.objc; path = WordDataDataBase.m; sourceTree = "<group>"; };
		10C9DBA81B3C50D000ACE538 /* QuartzCore.framework */ = {isa = PBXFileReference; lastKnownFileType = wrapper.framework; name = QuartzCore.framework; path = System/Library/Frameworks/QuartzCore.framework; sourceTree = SDKROOT; };
		10E5CD3F1B3B208A008EB48C /* Background@3x.png */ = {isa = PBXFileReference; lastKnownFileType = image.png; path = "Background@3x.png"; sourceTree = "<group>"; };
		10E5CD401B3B208A008EB48C /* Background@1x.png */ = {isa = PBXFileReference; lastKnownFileType = image.png; path = "Background@1x.png"; sourceTree = "<group>"; };
		10E5CD411B3B208A008EB48C /* Background@2x.png */ = {isa = PBXFileReference; lastKnownFileType = image.png; path = "Background@2x.png"; sourceTree = "<group>"; };
		10E5CD461B3B2314008EB48C /* Card@3x.png */ = {isa = PBXFileReference; lastKnownFileType = image.png; path = "Card@3x.png"; sourceTree = "<group>"; };
		10E5CD471B3B2314008EB48C /* Card@2x.png */ = {isa = PBXFileReference; lastKnownFileType = image.png; path = "Card@2x.png"; sourceTree = "<group>"; };
		10E5CD481B3B2314008EB48C /* Card@1x.png */ = {isa = PBXFileReference; lastKnownFileType = image.png; path = "Card@1x.png"; sourceTree = "<group>"; };
		10E5CD4C1B3B2587008EB48C /* TodayEnglishViewController.h */ = {isa = PBXFileReference; fileEncoding = 4; lastKnownFileType = sourcecode.c.h; path = TodayEnglishViewController.h; sourceTree = "<group>"; };
		10E5CD4D1B3B2587008EB48C /* TodayEnglishViewController.m */ = {isa = PBXFileReference; fileEncoding = 4; lastKnownFileType = sourcecode.c.objc; path = TodayEnglishViewController.m; sourceTree = "<group>"; };
/* End PBXFileReference section */

/* Begin PBXFrameworksBuildPhase section */
		107A2D6B1B25C57C00CB567D /* Frameworks */ = {
			isa = PBXFrameworksBuildPhase;
			buildActionMask = 2147483647;
			files = (
				10C9DBAB1B3C51BB00ACE538 /* QuartzCore.framework in Frameworks */,
			);
			runOnlyForDeploymentPostprocessing = 0;
		};
		107A2D841B25C57C00CB567D /* Frameworks */ = {
			isa = PBXFrameworksBuildPhase;
			buildActionMask = 2147483647;
			files = (
			);
			runOnlyForDeploymentPostprocessing = 0;
		};
/* End PBXFrameworksBuildPhase section */

/* Begin PBXGroup section */
		107A2D651B25C57C00CB567D = {
			isa = PBXGroup;
			children = (
				107A2D701B25C57C00CB567D /* 單字卡 */,
				107A2D8A1B25C57C00CB567D /* 單字卡Tests */,
				107A2D6F1B25C57C00CB567D /* Products */,
			);
			sourceTree = "<group>";
		};
		107A2D6F1B25C57C00CB567D /* Products */ = {
			isa = PBXGroup;
			children = (
				107A2D6E1B25C57C00CB567D /* 單字卡.app */,
				107A2D871B25C57C00CB567D /* 單字卡Tests.xctest */,
			);
			name = Products;
			sourceTree = "<group>";
		};
		107A2D701B25C57C00CB567D /* 單字卡 */ = {
			isa = PBXGroup;
			children = (
				10B547461B4494F100B3B505 /* View */,
				107F3CC91B3E95B200AFBA1C /* Controller */,
				10E5CD3E1B3B02A2008EB48C /* Model */,
				107A2D711B25C57C00CB567D /* Supporting Files */,
			);
			path = "單字卡";
			sourceTree = "<group>";
		};
		107A2D711B25C57C00CB567D /* Supporting Files */ = {
			isa = PBXGroup;
			children = (
				10E5CD451B3B208F008EB48C /* Images */,
				10C9DBA81B3C50D000ACE538 /* QuartzCore.framework */,
				107A2D751B25C57C00CB567D /* AppDelegate.h */,
				107A2D761B25C57C00CB567D /* AppDelegate.m */,
				107A2D7E1B25C57C00CB567D /* Images.xcassets */,
				107A2D801B25C57C00CB567D /* LaunchScreen.xib */,
				107A2D721B25C57C00CB567D /* Info.plist */,
				107A2D731B25C57C00CB567D /* main.m */,
			);
			name = "Supporting Files";
			sourceTree = "<group>";
		};
		107A2D8A1B25C57C00CB567D /* 單字卡Tests */ = {
			isa = PBXGroup;
			children = (
				107A2D8D1B25C57C00CB567D /* ___Tests.m */,
				107A2D8B1B25C57C00CB567D /* Supporting Files */,
			);
			path = "單字卡Tests";
			sourceTree = "<group>";
		};
		107A2D8B1B25C57C00CB567D /* Supporting Files */ = {
			isa = PBXGroup;
			children = (
				107A2D8C1B25C57C00CB567D /* Info.plist */,
			);
			name = "Supporting Files";
			sourceTree = "<group>";
		};
		107F3CC91B3E95B200AFBA1C /* Controller */ = {
			isa = PBXGroup;
			children = (
				109BDCB01B415AAB00F293CF /* TodayWord */,
				109BDCB11B415ABC00F293CF /* WordTest */,
				109BDCB21B415AD700F293CF /* TestScore */,
				109BDCB31B415AF600F293CF /* BuildWord */,
			);
			name = Controller;
			sourceTree = "<group>";
		};
		109BDCB01B415AAB00F293CF /* TodayWord */ = {
			isa = PBXGroup;
			children = (
				10E5CD4C1B3B2587008EB48C /* TodayEnglishViewController.h */,
				10E5CD4D1B3B2587008EB48C /* TodayEnglishViewController.m */,
			);
			name = TodayWord;
			sourceTree = "<group>";
		};
		109BDCB11B415ABC00F293CF /* WordTest */ = {
			isa = PBXGroup;
			children = (
				107F3CC61B3E95AA00AFBA1C /* WordTestViewController.h */,
				107F3CC71B3E95AA00AFBA1C /* WordTestViewController.m */,
			);
			name = WordTest;
			sourceTree = "<group>";
		};
		109BDCB21B415AD700F293CF /* TestScore */ = {
			isa = PBXGroup;
			children = (
				102FA8C71B4055D000F5C185 /* ScoreViewController.h */,
				102FA8C81B4055D000F5C185 /* ScoreViewController.m */,
			);
			name = TestScore;
			sourceTree = "<group>";
		};
		109BDCB31B415AF600F293CF /* BuildWord */ = {
			isa = PBXGroup;
			children = (
				102FA8CA1B4074D800F5C185 /* BuildWordTableViewController.h */,
				102FA8CB1B4074D800F5C185 /* BuildWordTableViewController.m */,
			);
			name = BuildWord;
			sourceTree = "<group>";
		};
		10B547441B44949500B3B505 /* DataBase */ = {
			isa = PBXGroup;
			children = (
				109BDCB41B41ABD900F293CF /* Property List.plist */,
				109BDCF21B43015A00F293CF /* WordDataDataBase.h */,
				109BDCF31B43015A00F293CF /* WordDataDataBase.m */,
			);
			name = DataBase;
			sourceTree = "<group>";
		};
		10B547451B4494A800B3B505 /* DAO */ = {
			isa = PBXGroup;
			children = (
				107F3CE21B3F042500AFBA1C /* WordCard.h */,
				107F3CE31B3F042500AFBA1C /* WordCard.m */,
				107F3CE91B3FDFAD00AFBA1C /* WordCardDeck.h */,
				107F3CEA1B3FDFAD00AFBA1C /* WordCardDeck.m */,
			);
			name = DAO;
			sourceTree = "<group>";
		};
		10B547461B4494F100B3B505 /* View */ = {
			isa = PBXGroup;
			children = (
				107A2D7B1B25C57C00CB567D /* Main.storyboard */,
				10B547471B4494FC00B3B505 /* View Class */,
			);
			name = View;
			sourceTree = "<group>";
		};
		10B547471B4494FC00B3B505 /* View Class */ = {
			isa = PBXGroup;
			children = (
			);
			name = "View Class";
			sourceTree = "<group>";
		};
		10E5CD3E1B3B02A2008EB48C /* Model */ = {
			isa = PBXGroup;
			children = (
				10B547451B4494A800B3B505 /* DAO */,
				10B547441B44949500B3B505 /* DataBase */,
			);
			name = Model;
			sourceTree = "<group>";
		};
		10E5CD451B3B208F008EB48C /* Images */ = {
			isa = PBXGroup;
			children = (
				107F3CD61B3EE16700AFBA1C /* wrong@1x.png */,
				107F3CD71B3EE16700AFBA1C /* wrong@2x.png */,
				107F3CD81B3EE16700AFBA1C /* wrong@3x.png */,
				107F3CD91B3EE16700AFBA1C /* corrent@2x.png */,
				107F3CDA1B3EE16700AFBA1C /* corrent@1x.png */,
				107F3CDB1B3EE16700AFBA1C /* corrent@3x.png */,
				107F3CCA1B3E9D9D00AFBA1C /* chineseAnser@3x.png */,
				107F3CCB1B3E9D9D00AFBA1C /* wordTestCard@3x.png */,
				107F3CCC1B3E9D9D00AFBA1C /* chineseAnser@2x.png */,
				107F3CCD1B3E9D9D00AFBA1C /* wordTestCard@1x.png */,
				107F3CCE1B3E9D9D00AFBA1C /* wordTestCard@2x.png */,
				107F3CCF1B3E9D9D00AFBA1C /* chineseAnser@1x.png */,
				10E5CD3F1B3B208A008EB48C /* Background@3x.png */,
				10E5CD401B3B208A008EB48C /* Background@1x.png */,
				10E5CD411B3B208A008EB48C /* Background@2x.png */,
				10E5CD461B3B2314008EB48C /* Card@3x.png */,
				10E5CD471B3B2314008EB48C /* Card@2x.png */,
				10E5CD481B3B2314008EB48C /* Card@1x.png */,
			);
			name = Images;
			sourceTree = "<group>";
		};
/* End PBXGroup section */

/* Begin PBXNativeTarget section */
		107A2D6D1B25C57C00CB567D /* 單字卡 */ = {
			isa = PBXNativeTarget;
			buildConfigurationList = 107A2D911B25C57C00CB567D /* Build configuration list for PBXNativeTarget "單字卡" */;
			buildPhases = (
				107A2D6A1B25C57C00CB567D /* Sources */,
				107A2D6B1B25C57C00CB567D /* Frameworks */,
				107A2D6C1B25C57C00CB567D /* Resources */,
			);
			buildRules = (
			);
			dependencies = (
			);
			name = "單字卡";
			productName = "單字卡";
			productReference = 107A2D6E1B25C57C00CB567D /* 單字卡.app */;
			productType = "com.apple.product-type.application";
		};
		107A2D861B25C57C00CB567D /* 單字卡Tests */ = {
			isa = PBXNativeTarget;
			buildConfigurationList = 107A2D941B25C57C00CB567D /* Build configuration list for PBXNativeTarget "單字卡Tests" */;
			buildPhases = (
				107A2D831B25C57C00CB567D /* Sources */,
				107A2D841B25C57C00CB567D /* Frameworks */,
				107A2D851B25C57C00CB567D /* Resources */,
			);
			buildRules = (
			);
			dependencies = (
				107A2D891B25C57C00CB567D /* PBXTargetDependency */,
			);
			name = "單字卡Tests";
			productName = "單字卡Tests";
			productReference = 107A2D871B25C57C00CB567D /* 單字卡Tests.xctest */;
			productType = "com.apple.product-type.bundle.unit-test";
		};
/* End PBXNativeTarget section */

/* Begin PBXProject section */
		107A2D661B25C57C00CB567D /* Project object */ = {
			isa = PBXProject;
			attributes = {
				LastUpgradeCheck = 0630;
				ORGANIZATIONNAME = OSX;
				TargetAttributes = {
					107A2D6D1B25C57C00CB567D = {
						CreatedOnToolsVersion = 6.3.2;
					};
					107A2D861B25C57C00CB567D = {
						CreatedOnToolsVersion = 6.3.2;
						TestTargetID = 107A2D6D1B25C57C00CB567D;
					};
				};
			};
			buildConfigurationList = 107A2D691B25C57C00CB567D /* Build configuration list for PBXProject "單字卡" */;
			compatibilityVersion = "Xcode 3.2";
			developmentRegion = English;
			hasScannedForEncodings = 0;
			knownRegions = (
				en,
				Base,
			);
			mainGroup = 107A2D651B25C57C00CB567D;
			productRefGroup = 107A2D6F1B25C57C00CB567D /* Products */;
			projectDirPath = "";
			projectRoot = "";
			targets = (
				107A2D6D1B25C57C00CB567D /* 單字卡 */,
				107A2D861B25C57C00CB567D /* 單字卡Tests */,
			);
		};
/* End PBXProject section */

/* Begin PBXResourcesBuildPhase section */
		107A2D6C1B25C57C00CB567D /* Resources */ = {
			isa = PBXResourcesBuildPhase;
			buildActionMask = 2147483647;
			files = (
				107F3CD21B3E9D9D00AFBA1C /* chineseAnser@2x.png in Resources */,
				107F3CDD1B3EE16700AFBA1C /* wrong@2x.png in Resources */,
				107F3CDF1B3EE16700AFBA1C /* corrent@2x.png in Resources */,
				107F3CD11B3E9D9D00AFBA1C /* wordTestCard@3x.png in Resources */,
				107F3CD41B3E9D9D00AFBA1C /* wordTestCard@2x.png in Resources */,
				10E5CD441B3B208A008EB48C /* Background@2x.png in Resources */,
				107A2D7D1B25C57C00CB567D /* Main.storyboard in Resources */,
				107F3CDC1B3EE16700AFBA1C /* wrong@1x.png in Resources */,
				10E5CD4A1B3B2314008EB48C /* Card@2x.png in Resources */,
				107F3CD01B3E9D9D00AFBA1C /* chineseAnser@3x.png in Resources */,
				107A2D821B25C57C00CB567D /* LaunchScreen.xib in Resources */,
				107F3CE01B3EE16700AFBA1C /* corrent@1x.png in Resources */,
				107A2D7F1B25C57C00CB567D /* Images.xcassets in Resources */,
				10E5CD491B3B2314008EB48C /* Card@3x.png in Resources */,
				10E5CD431B3B208A008EB48C /* Background@1x.png in Resources */,
				107F3CE11B3EE16700AFBA1C /* corrent@3x.png in Resources */,
				10E5CD4B1B3B2314008EB48C /* Card@1x.png in Resources */,
				107F3CD51B3E9D9D00AFBA1C /* chineseAnser@1x.png in Resources */,
				107F3CDE1B3EE16700AFBA1C /* wrong@3x.png in Resources */,
				107F3CD31B3E9D9D00AFBA1C /* wordTestCard@1x.png in Resources */,
				109BDCB51B41ABD900F293CF /* Property List.plist in Resources */,
				10E5CD421B3B208A008EB48C /* Background@3x.png in Resources */,
			);
			runOnlyForDeploymentPostprocessing = 0;
		};
		107A2D851B25C57C00CB567D /* Resources */ = {
			isa = PBXResourcesBuildPhase;
			buildActionMask = 2147483647;
			files = (
			);
			runOnlyForDeploymentPostprocessing = 0;
		};
/* End PBXResourcesBuildPhase section */

/* Begin PBXSourcesBuildPhase section */
		107A2D6A1B25C57C00CB567D /* Sources */ = {
			isa = PBXSourcesBuildPhase;
			buildActionMask = 2147483647;
			files = (
				107F3CC81B3E95AA00AFBA1C /* WordTestViewController.m in Sources */,
				102FA8C91B4055D000F5C185 /* ScoreViewController.m in Sources */,
				109BDCF41B43015A00F293CF /* WordDataDataBase.m in Sources */,
				10E5CD4E1B3B2587008EB48C /* TodayEnglishViewController.m in Sources */,
				107F3CE41B3F042500AFBA1C /* WordCard.m in Sources */,
				102FA8CC1B4074D800F5C185 /* BuildWordTableViewController.m in Sources */,
				107A2D771B25C57C00CB567D /* AppDelegate.m in Sources */,
				107F3CEB1B3FDFAD00AFBA1C /* WordCardDeck.m in Sources */,
				107A2D741B25C57C00CB567D /* main.m in Sources */,
			);
			runOnlyForDeploymentPostprocessing = 0;
		};
		107A2D831B25C57C00CB567D /* Sources */ = {
			isa = PBXSourcesBuildPhase;
			buildActionMask = 2147483647;
			files = (
				107A2D8E1B25C57C00CB567D /* ___Tests.m in Sources */,
			);
			runOnlyForDeploymentPostprocessing = 0;
		};
/* End PBXSourcesBuildPhase section */

/* Begin PBXTargetDependency section */
		107A2D891B25C57C00CB567D /* PBXTargetDependency */ = {
			isa = PBXTargetDependency;
			target = 107A2D6D1B25C57C00CB567D /* 單字卡 */;
			targetProxy = 107A2D881B25C57C00CB567D /* PBXContainerItemProxy */;
		};
/* End PBXTargetDependency section */

/* Begin PBXVariantGroup section */
		107A2D7B1B25C57C00CB567D /* Main.storyboard */ = {
			isa = PBXVariantGroup;
			children = (
				107A2D7C1B25C57C00CB567D /* Base */,
			);
			name = Main.storyboard;
			sourceTree = "<group>";
		};
		107A2D801B25C57C00CB567D /* LaunchScreen.xib */ = {
			isa = PBXVariantGroup;
			children = (
				107A2D811B25C57C00CB567D /* Base */,
			);
			name = LaunchScreen.xib;
			sourceTree = "<group>";
		};
/* End PBXVariantGroup section */

/* Begin XCBuildConfiguration section */
		107A2D8F1B25C57C00CB567D /* Debug */ = {
			isa = XCBuildConfiguration;
			buildSettings = {
				ALWAYS_SEARCH_USER_PATHS = NO;
				CLANG_CXX_LANGUAGE_STANDARD = "gnu++0x";
				CLANG_CXX_LIBRARY = "libc++";
				CLANG_ENABLE_MODULES = YES;
				CLANG_ENABLE_OBJC_ARC = YES;
				CLANG_WARN_BOOL_CONVERSION = YES;
				CLANG_WARN_CONSTANT_CONVERSION = YES;
				CLANG_WARN_DIRECT_OBJC_ISA_USAGE = YES_ERROR;
				CLANG_WARN_EMPTY_BODY = YES;
				CLANG_WARN_ENUM_CONVERSION = YES;
				CLANG_WARN_INT_CONVERSION = YES;
				CLANG_WARN_OBJC_ROOT_CLASS = YES_ERROR;
				CLANG_WARN_UNREACHABLE_CODE = YES;
				CLANG_WARN__DUPLICATE_METHOD_MATCH = YES;
				"CODE_SIGN_IDENTITY[sdk=iphoneos*]" = "iPhone Developer";
				COPY_PHASE_STRIP = NO;
				DEBUG_INFORMATION_FORMAT = "dwarf-with-dsym";
				ENABLE_STRICT_OBJC_MSGSEND = YES;
				GCC_C_LANGUAGE_STANDARD = gnu99;
				GCC_DYNAMIC_NO_PIC = NO;
				GCC_NO_COMMON_BLOCKS = YES;
				GCC_OPTIMIZATION_LEVEL = 0;
				GCC_PREPROCESSOR_DEFINITIONS = (
					"DEBUG=1",
					"$(inherited)",
				);
				GCC_SYMBOLS_PRIVATE_EXTERN = NO;
				GCC_WARN_64_TO_32_BIT_CONVERSION = YES;
				GCC_WARN_ABOUT_RETURN_TYPE = YES_ERROR;
				GCC_WARN_UNDECLARED_SELECTOR = YES;
				GCC_WARN_UNINITIALIZED_AUTOS = YES_AGGRESSIVE;
				GCC_WARN_UNUSED_FUNCTION = YES;
				GCC_WARN_UNUSED_VARIABLE = YES;
				IPHONEOS_DEPLOYMENT_TARGET = 8.3;
				MTL_ENABLE_DEBUG_INFO = YES;
				ONLY_ACTIVE_ARCH = YES;
				SDKROOT = iphoneos;
				TARGETED_DEVICE_FAMILY = "1,2";
			};
			name = Debug;
		};
		107A2D901B25C57C00CB567D /* Release */ = {
			isa = XCBuildConfiguration;
			buildSettings = {
				ALWAYS_SEARCH_USER_PATHS = NO;
				CLANG_CXX_LANGUAGE_STANDARD = "gnu++0x";
				CLANG_CXX_LIBRARY = "libc++";
				CLANG_ENABLE_MODULES = YES;
				CLANG_ENABLE_OBJC_ARC = YES;
				CLANG_WARN_BOOL_CONVERSION = YES;
				CLANG_WARN_CONSTANT_CONVERSION = YES;
				CLANG_WARN_DIRECT_OBJC_ISA_USAGE = YES_ERROR;
				CLANG_WARN_EMPTY_BODY = YES;
				CLANG_WARN_ENUM_CONVERSION = YES;
				CLANG_WARN_INT_CONVERSION = YES;
				CLANG_WARN_OBJC_ROOT_CLASS = YES_ERROR;
				CLANG_WARN_UNREACHABLE_CODE = YES;
				CLANG_WARN__DUPLICATE_METHOD_MATCH = YES;
				"CODE_SIGN_IDENTITY[sdk=iphoneos*]" = "iPhone Developer";
				COPY_PHASE_STRIP = NO;
				DEBUG_INFORMATION_FORMAT = "dwarf-with-dsym";
				ENABLE_NS_ASSERTIONS = NO;
				ENABLE_STRICT_OBJC_MSGSEND = YES;
				GCC_C_LANGUAGE_STANDARD = gnu99;
				GCC_NO_COMMON_BLOCKS = YES;
				GCC_WARN_64_TO_32_BIT_CONVERSION = YES;
				GCC_WARN_ABOUT_RETURN_TYPE = YES_ERROR;
				GCC_WARN_UNDECLARED_SELECTOR = YES;
				GCC_WARN_UNINITIALIZED_AUTOS = YES_AGGRESSIVE;
				GCC_WARN_UNUSED_FUNCTION = YES;
				GCC_WARN_UNUSED_VARIABLE = YES;
				IPHONEOS_DEPLOYMENT_TARGET = 8.3;
				MTL_ENABLE_DEBUG_INFO = NO;
				SDKROOT = iphoneos;
				TARGETED_DEVICE_FAMILY = "1,2";
				VALIDATE_PRODUCT = YES;
			};
			name = Release;
		};
		107A2D921B25C57C00CB567D /* Debug */ = {
			isa = XCBuildConfiguration;
			buildSettings = {
				ASSETCATALOG_COMPILER_APPICON_NAME = AppIcon;
				INFOPLIST_FILE = "單字卡/Info.plist";
				LD_RUNPATH_SEARCH_PATHS = "$(inherited) @executable_path/Frameworks";
				PRODUCT_NAME = "$(TARGET_NAME)";
			};
			name = Debug;
		};
		107A2D931B25C57C00CB567D /* Release */ = {
			isa = XCBuildConfiguration;
			buildSettings = {
				ASSETCATALOG_COMPILER_APPICON_NAME = AppIcon;
				INFOPLIST_FILE = "單字卡/Info.plist";
				LD_RUNPATH_SEARCH_PATHS = "$(inherited) @executable_path/Frameworks";
				PRODUCT_NAME = "$(TARGET_NAME)";
			};
			name = Release;
		};
		107A2D951B25C57C00CB567D /* Debug */ = {
			isa = XCBuildConfiguration;
			buildSettings = {
				BUNDLE_LOADER = "$(TEST_HOST)";
				FRAMEWORK_SEARCH_PATHS = (
					"$(SDKROOT)/Developer/Library/Frameworks",
					"$(inherited)",
				);
				GCC_PREPROCESSOR_DEFINITIONS = (
					"DEBUG=1",
					"$(inherited)",
				);
				INFOPLIST_FILE = "單字卡Tests/Info.plist";
				LD_RUNPATH_SEARCH_PATHS = "$(inherited) @executable_path/Frameworks @loader_path/Frameworks";
				PRODUCT_NAME = "$(TARGET_NAME)";
				TEST_HOST = "$(BUILT_PRODUCTS_DIR)/單字卡.app/單字卡";
			};
			name = Debug;
		};
		107A2D961B25C57C00CB567D /* Release */ = {
			isa = XCBuildConfiguration;
			buildSettings = {
				BUNDLE_LOADER = "$(TEST_HOST)";
				FRAMEWORK_SEARCH_PATHS = (
					"$(SDKROOT)/Developer/Library/Frameworks",
					"$(inherited)",
				);
				INFOPLIST_FILE = "單字卡Tests/Info.plist";
				LD_RUNPATH_SEARCH_PATHS = "$(inherited) @executable_path/Frameworks @loader_path/Frameworks";
				PRODUCT_NAME = "$(TARGET_NAME)";
				TEST_HOST = "$(BUILT_PRODUCTS_DIR)/單字卡.app/單字卡";
			};
			name = Release;
		};
/* End XCBuildConfiguration section */

/* Begin XCConfigurationList section */
		107A2D691B25C57C00CB567D /* Build configuration list for PBXProject "單字卡" */ = {
			isa = XCConfigurationList;
			buildConfigurations = (
				107A2D8F1B25C57C00CB567D /* Debug */,
				107A2D901B25C57C00CB567D /* Release */,
			);
			defaultConfigurationIsVisible = 0;
			defaultConfigurationName = Release;
		};
		107A2D911B25C57C00CB567D /* Build configuration list for PBXNativeTarget "單字卡" */ = {
			isa = XCConfigurationList;
			buildConfigurations = (
				107A2D921B25C57C00CB567D /* Debug */,
				107A2D931B25C57C00CB567D /* Release */,
			);
			defaultConfigurationIsVisible = 0;
			defaultConfigurationName = Release;
		};
		107A2D941B25C57C00CB567D /* Build configuration list for PBXNativeTarget "單字卡Tests" */ = {
			isa = XCConfigurationList;
			buildConfigurations = (
				107A2D951B25C57C00CB567D /* Debug */,
				107A2D961B25C57C00CB567D /* Release */,
			);
			defaultConfigurationIsVisible = 0;
			defaultConfigurationName = Release;
		};
/* End XCConfigurationList section */
	};
	rootObject = 107A2D661B25C57C00CB567D /* Project object */;
}
